
Microsoft Visual Studio Solution File, Format Version 12.00
# Visual Studio 15
VisualStudioVersion = 15.0.28010.2036
MinimumVisualStudioVersion = 10.0.40219.1
Project("{FAE04EC0-301F-11D3-BF4B-00C04F79EFBC}") = "FirstGitHubRepositoryDemo2", "FirstGitHubRepositoryDemo2\FirstGitHubRepositoryDemo2.csproj", "{FDACCC20-D3E2-4E96-B5B5-FF9C78FC13F8}"
EndProject
Global
	GlobalSection(SolutionConfigurationPlatforms) = preSolution
		Debug|Any CPU = Debug|Any CPU
		Release|Any CPU = Release|Any CPU
	EndGlobalSection
	GlobalSection(ProjectConfigurationPlatforms) = postSolution
		{FDACCC20-D3E2-4E96-B5B5-FF9C78FC13F8}.Debug|Any CPU.ActiveCfg = Debug|Any CPU
		{FDACCC20-D3E2-4E96-B5B5-FF9C78FC13F8}.Debug|Any CPU.Build.0 = Debug|Any CPU
		{FDACCC20-D3E2-4E96-B5B5-FF9C78FC13F8}.Release|Any CPU.ActiveCfg = Release|Any CPU
		{FDACCC20-D3E2-4E96-B5B5-FF9C78FC13F8}.Release|Any CPU.Build.0 = Release|Any CPU
	EndGlobalSection
	GlobalSection(SolutionProperties) = preSolution
		HideSolutionNode = FALSE
	EndGlobalSection
	GlobalSection(ExtensibilityGlobals) = postSolution
		SolutionGuid = {4590D2F5-64FC-4E9C-B8E0-6FC22B5995E3}
	EndGlobalSection
EndGlobal
